
Microsoft Visual Studio Solution File, Format Version 12.00
# Visual Studio Version 17
VisualStudioVersion = 17.14.36915.13
MinimumVisualStudioVersion = 10.0.40219.1
Project("{FAE04EC0-301F-11D3-BF4B-00C04F79EFBC}") = "MusicCollectionAPI", "MusicCollectionAPI.csproj", "{74709F91-8427-4BA4-8510-8567AB6300A1}"
EndProject
Project("{FAE04EC0-301F-11D3-BF4B-00C04F79EFBC}") = "MusicCollection.Tests", "..\MusicCollection.Tests\MusicCollection.Tests.csproj", "{FADFC851-6FE7-488C-AA15-45922B29BAB9}"
EndProject
Global
	GlobalSection(SolutionConfigurationPlatforms) = preSolution
		Debug|Any CPU = Debug|Any CPU
		Release|Any CPU = Release|Any CPU
	EndGlobalSection
	GlobalSection(ProjectConfigurationPlatforms) = postSolution
		{74709F91-8427-4BA4-8510-8567AB6300A1}.Debug|Any CPU.ActiveCfg = Debug|Any CPU
		{74709F91-8427-4BA4-8510-8567AB6300A1}.Debug|Any CPU.Build.0 = Debug|Any CPU
		{74709F91-8427-4BA4-8510-8567AB6300A1}.Release|Any CPU.ActiveCfg = Release|Any CPU
		{74709F91-8427-4BA4-8510-8567AB6300A1}.Release|Any CPU.Build.0 = Release|Any CPU
		{FADFC851-6FE7-488C-AA15-45922B29BAB9}.Debug|Any CPU.ActiveCfg = Debug|Any CPU
		{FADFC851-6FE7-488C-AA15-45922B29BAB9}.Debug|Any CPU.Build.0 = Debug|Any CPU
		{FADFC851-6FE7-488C-AA15-45922B29BAB9}.Release|Any CPU.ActiveCfg = Release|Any CPU
		{FADFC851-6FE7-488C-AA15-45922B29BAB9}.Release|Any CPU.Build.0 = Release|Any CPU
	EndGlobalSection
	GlobalSection(SolutionProperties) = preSolution
		HideSolutionNode = FALSE
	EndGlobalSection
	GlobalSection(ExtensibilityGlobals) = postSolution
		SolutionGuid = {6F0EA158-B3AE-4323-B95E-CE4E312F08BA}
	EndGlobalSection
EndGlobal
